
Microsoft Visual Studio Solution File, Format Version 11.00
# Visual Studio 2010
# SharpDevelop 5.1
Project("{FAE04EC0-301F-11D3-BF4B-00C04F79EFBC}") = "panelAnimation", "panelAnimation\panelAnimation.csproj", "{33A9A2DE-2095-4203-AE8F-71E04D8B48FE}"
EndProject
Global
	GlobalSection(SolutionConfigurationPlatforms) = preSolution
		Debug|Any CPU = Debug|Any CPU
		Release|Any CPU = Release|Any CPU
	EndGlobalSection
	GlobalSection(ProjectConfigurationPlatforms) = postSolution
		{33A9A2DE-2095-4203-AE8F-71E04D8B48FE}.Debug|Any CPU.ActiveCfg = Debug|Any CPU
		{33A9A2DE-2095-4203-AE8F-71E04D8B48FE}.Debug|Any CPU.Build.0 = Debug|Any CPU
		{33A9A2DE-2095-4203-AE8F-71E04D8B48FE}.Release|Any CPU.ActiveCfg = Release|Any CPU
		{33A9A2DE-2095-4203-AE8F-71E04D8B48FE}.Release|Any CPU.Build.0 = Release|Any CPU
	EndGlobalSection
EndGlobal
